
Microsoft Visual Studio Solution File, Format Version 12.00
# Visual Studio Version 17
VisualStudioVersion = 17.8.34309.116
MinimumVisualStudioVersion = 10.0.40219.1
Project("{9A19103F-16F7-4668-BE54-9A1E7A4F7556}") = "Extensions", "Extensions\Extensions.csproj", "{D95486E5-0A8F-49FC-A9C6-78CEF33CD468}"
EndProject
Project("{E53339B2-1760-4266-BCC7-CA923CBCF16C}") = "docker-compose", "docker-compose.dcproj", "{0C5DB935-94B3-4C99-9813-0F1C95F328E9}"
EndProject
Project("{2150E333-8FDC-42A3-9474-1A3956D46DE8}") = "src", "src", "{79781A56-25DB-46A0-B987-0CECDC26659A}"
EndProject
Project("{2150E333-8FDC-42A3-9474-1A3956D46DE8}") = "ProjectFolder", "ProjectFolder", "{EEF4A657-FA65-4EA4-973A-D960049A1F32}"
EndProject
Project("{9A19103F-16F7-4668-BE54-9A1E7A4F7556}") = "MainTz.RestApi", "MainTz.RestApi\MainTz.RestApi.csproj", "{D62500D5-43E4-48FA-9A3E-1BF6637CC311}"
EndProject
Project("{9A19103F-16F7-4668-BE54-9A1E7A4F7556}") = "MainTz.AuthApi", "..\MainTz.AuthApi\MainTz.AuthApi.csproj", "{898E085A-6DD0-42DC-8774-5E9F2E895AC3}"
EndProject
Project("{9A19103F-16F7-4668-BE54-9A1E7A4F7556}") = "MainTz.Database", "src\ProjectFolder\MainTa.Database\MainTz.Database.csproj", "{1A774C3D-EE2B-44C1-9E49-D66F313F098C}"
EndProject
Project("{9A19103F-16F7-4668-BE54-9A1E7A4F7556}") = "MainTz.Application", "src\ProjectFolder\MainTz.Application\MainTz.Application.csproj", "{0FCBF3FE-A2AF-495D-9695-6B6121249CA2}"
EndProject
Project("{9A19103F-16F7-4668-BE54-9A1E7A4F7556}") = "MainTz.Core", "src\ProjectFolder\MainTz.Core\MainTz.Core.csproj", "{75311E96-636D-45A3-A268-99A2F5D55AE6}"
EndProject
Project("{9A19103F-16F7-4668-BE54-9A1E7A4F7556}") = "MainTz.Extensions", "src\ProjectFolder\MainTz.Extensions\MainTz.Extensions.csproj", "{D84C5447-2EBE-477E-AB1A-2E0E37D86AEE}"
EndProject
Project("{9A19103F-16F7-4668-BE54-9A1E7A4F7556}") = "MainTz.Infrastructure", "src\ProjectFolder\MainTz.Infrastructure\MainTz.Infrastructure.csproj", "{3A972416-EB22-4FD5-BC39-A87727156005}"
EndProject
Project("{9A19103F-16F7-4668-BE54-9A1E7A4F7556}") = "MainTz.Web", "src\ProjectFolder\MainTz.Web\MainTz.Web.csproj", "{6D33EFB3-6530-41DC-9BB2-354CFCDF290D}"
EndProject
Global
	GlobalSection(SolutionConfigurationPlatforms) = preSolution
		Debug|Any CPU = Debug|Any CPU
		Release|Any CPU = Release|Any CPU
	EndGlobalSection
	GlobalSection(ProjectConfigurationPlatforms) = postSolution
		{D95486E5-0A8F-49FC-A9C6-78CEF33CD468}.Debug|Any CPU.ActiveCfg = Debug|Any CPU
		{D95486E5-0A8F-49FC-A9C6-78CEF33CD468}.Debug|Any CPU.Build.0 = Debug|Any CPU
		{D95486E5-0A8F-49FC-A9C6-78CEF33CD468}.Release|Any CPU.ActiveCfg = Release|Any CPU
		{D95486E5-0A8F-49FC-A9C6-78CEF33CD468}.Release|Any CPU.Build.0 = Release|Any CPU
		{0C5DB935-94B3-4C99-9813-0F1C95F328E9}.Debug|Any CPU.ActiveCfg = Debug|Any CPU
		{0C5DB935-94B3-4C99-9813-0F1C95F328E9}.Debug|Any CPU.Build.0 = Debug|Any CPU
		{0C5DB935-94B3-4C99-9813-0F1C95F328E9}.Release|Any CPU.ActiveCfg = Release|Any CPU
		{0C5DB935-94B3-4C99-9813-0F1C95F328E9}.Release|Any CPU.Build.0 = Release|Any CPU
		{D62500D5-43E4-48FA-9A3E-1BF6637CC311}.Debug|Any CPU.ActiveCfg = Debug|Any CPU
		{D62500D5-43E4-48FA-9A3E-1BF6637CC311}.Debug|Any CPU.Build.0 = Debug|Any CPU
		{D62500D5-43E4-48FA-9A3E-1BF6637CC311}.Release|Any CPU.ActiveCfg = Release|Any CPU
		{D62500D5-43E4-48FA-9A3E-1BF6637CC311}.Release|Any CPU.Build.0 = Release|Any CPU
		{898E085A-6DD0-42DC-8774-5E9F2E895AC3}.Debug|Any CPU.ActiveCfg = Debug|Any CPU
		{898E085A-6DD0-42DC-8774-5E9F2E895AC3}.Debug|Any CPU.Build.0 = Debug|Any CPU
		{898E085A-6DD0-42DC-8774-5E9F2E895AC3}.Release|Any CPU.ActiveCfg = Release|Any CPU
		{898E085A-6DD0-42DC-8774-5E9F2E895AC3}.Release|Any CPU.Build.0 = Release|Any CPU
		{1A774C3D-EE2B-44C1-9E49-D66F313F098C}.Debug|Any CPU.ActiveCfg = Debug|Any CPU
		{1A774C3D-EE2B-44C1-9E49-D66F313F098C}.Debug|Any CPU.Build.0 = Debug|Any CPU
		{1A774C3D-EE2B-44C1-9E49-D66F313F098C}.Release|Any CPU.ActiveCfg = Release|Any CPU
		{1A774C3D-EE2B-44C1-9E49-D66F313F098C}.Release|Any CPU.Build.0 = Release|Any CPU
		{0FCBF3FE-A2AF-495D-9695-6B6121249CA2}.Debug|Any CPU.ActiveCfg = Debug|Any CPU
		{0FCBF3FE-A2AF-495D-9695-6B6121249CA2}.Debug|Any CPU.Build.0 = Debug|Any CPU
		{0FCBF3FE-A2AF-495D-9695-6B6121249CA2}.Release|Any CPU.ActiveCfg = Release|Any CPU
		{0FCBF3FE-A2AF-495D-9695-6B6121249CA2}.Release|Any CPU.Build.0 = Release|Any CPU
		{75311E96-636D-45A3-A268-99A2F5D55AE6}.Debug|Any CPU.ActiveCfg = Debug|Any CPU
		{75311E96-636D-45A3-A268-99A2F5D55AE6}.Debug|Any CPU.Build.0 = Debug|Any CPU
		{75311E96-636D-45A3-A268-99A2F5D55AE6}.Release|Any CPU.ActiveCfg = Release|Any CPU
		{75311E96-636D-45A3-A268-99A2F5D55AE6}.Release|Any CPU.Build.0 = Release|Any CPU
		{D84C5447-2EBE-477E-AB1A-2E0E37D86AEE}.Debug|Any CPU.ActiveCfg = Debug|Any CPU
		{D84C5447-2EBE-477E-AB1A-2E0E37D86AEE}.Debug|Any CPU.Build.0 = Debug|Any CPU
		{D84C5447-2EBE-477E-AB1A-2E0E37D86AEE}.Release|Any CPU.ActiveCfg = Release|Any CPU
		{D84C5447-2EBE-477E-AB1A-2E0E37D86AEE}.Release|Any CPU.Build.0 = Release|Any CPU
		{3A972416-EB22-4FD5-BC39-A87727156005}.Debug|Any CPU.ActiveCfg = Debug|Any CPU
		{3A972416-EB22-4FD5-BC39-A87727156005}.Debug|Any CPU.Build.0 = Debug|Any CPU
		{3A972416-EB22-4FD5-BC39-A87727156005}.Release|Any CPU.ActiveCfg = Release|Any CPU
		{3A972416-EB22-4FD5-BC39-A87727156005}.Release|Any CPU.Build.0 = Release|Any CPU
		{6D33EFB3-6530-41DC-9BB2-354CFCDF290D}.Debug|Any CPU.ActiveCfg = Debug|Any CPU
		{6D33EFB3-6530-41DC-9BB2-354CFCDF290D}.Debug|Any CPU.Build.0 = Debug|Any CPU
		{6D33EFB3-6530-41DC-9BB2-354CFCDF290D}.Release|Any CPU.ActiveCfg = Release|Any CPU
		{6D33EFB3-6530-41DC-9BB2-354CFCDF290D}.Release|Any CPU.Build.0 = Release|Any CPU
	EndGlobalSection
	GlobalSection(SolutionProperties) = preSolution
		HideSolutionNode = FALSE
	EndGlobalSection
	GlobalSection(NestedProjects) = preSolution
		{EEF4A657-FA65-4EA4-973A-D960049A1F32} = {79781A56-25DB-46A0-B987-0CECDC26659A}
		{1A774C3D-EE2B-44C1-9E49-D66F313F098C} = {EEF4A657-FA65-4EA4-973A-D960049A1F32}
		{0FCBF3FE-A2AF-495D-9695-6B6121249CA2} = {EEF4A657-FA65-4EA4-973A-D960049A1F32}
		{75311E96-636D-45A3-A268-99A2F5D55AE6} = {EEF4A657-FA65-4EA4-973A-D960049A1F32}
		{D84C5447-2EBE-477E-AB1A-2E0E37D86AEE} = {EEF4A657-FA65-4EA4-973A-D960049A1F32}
		{3A972416-EB22-4FD5-BC39-A87727156005} = {EEF4A657-FA65-4EA4-973A-D960049A1F32}
		{6D33EFB3-6530-41DC-9BB2-354CFCDF290D} = {EEF4A657-FA65-4EA4-973A-D960049A1F32}
	EndGlobalSection
	GlobalSection(ExtensibilityGlobals) = postSolution
		SolutionGuid = {EA0066D3-E05B-4F8F-9560-AF1E2C0D6945}
	EndGlobalSection
EndGlobal
